# THIS IS AN AUTOGENERATED FILE. DO NOT EDIT THIS FILE DIRECTLY.
# yarn lockfile v1


"@types/node@^16.11.7":
  version "16.11.7"
  resolved "https://registry.yarnpkg.com/@types/node/-/node-16.11.7.tgz#36820945061326978c42a01e56b61cd223dfdc42"
  integrity sha512-QB5D2sqfSjCmTuWcBWyJ+/44bcjO7VbjSbOE0ucoVbAsSNQc4Lt6QkgkVXkTDwkL4z/beecZNDvVX15D4P8Jbw==

typescript@^4.6.0-dev.20211110:
  version "4.6.0-dev.20211110"
  resolved "https://registry.yarnpkg.com/typescript/-/typescript-4.6.0-dev.20211110.tgz#94ef9bfc43515cd3847525bcc8f3e71bc3aa6cf6"
  integrity sha512-XiKtpBYgeBT6aqt0PNRkrge5h5jqzh5dUllcD8/nimf/rAo+F8McXvWdnjs9no9gCLYNZ/VfiO5jElcwl42EiQ==
